
Microsoft Visual Studio Solution File, Format Version 12.00
# Visual Studio Version 17
VisualStudioVersion = 17.9.34728.123
MinimumVisualStudioVersion = 10.0.40219.1
Project("{9A19103F-16F7-4668-BE54-9A1E7A4F7556}") = "CoverLetterTextMaker", "CoverLetterTextMaker\CoverLetterTextMaker.csproj", "{957759DD-EC0B-40A7-A458-AAC7FFDB6609}"
EndProject
Project("{FAE04EC0-301F-11D3-BF4B-00C04F79EFBC}") = "ConvertTextToPdf", "ConvertTextToPdf\ConvertTextToPdf.csproj", "{04F6BAD2-2A75-4B4A-9744-9ECFC1F2B8C9}"
EndProject
Project("{2150E333-8FDC-42A3-9474-1A3956D46DE8}") = "Solution Items", "Solution Items", "{56F5E2D2-3C2E-4059-A491-0C5004ADBA46}"
	ProjectSection(SolutionItems) = preProject
		Readme.md = Readme.md
	EndProjectSection
EndProject
Global
	GlobalSection(SolutionConfigurationPlatforms) = preSolution
		Debug|Any CPU = Debug|Any CPU
		Release|Any CPU = Release|Any CPU
	EndGlobalSection
	GlobalSection(ProjectConfigurationPlatforms) = postSolution
		{957759DD-EC0B-40A7-A458-AAC7FFDB6609}.Debug|Any CPU.ActiveCfg = Debug|Any CPU
		{957759DD-EC0B-40A7-A458-AAC7FFDB6609}.Debug|Any CPU.Build.0 = Debug|Any CPU
		{957759DD-EC0B-40A7-A458-AAC7FFDB6609}.Release|Any CPU.ActiveCfg = Release|Any CPU
		{957759DD-EC0B-40A7-A458-AAC7FFDB6609}.Release|Any CPU.Build.0 = Release|Any CPU
		{04F6BAD2-2A75-4B4A-9744-9ECFC1F2B8C9}.Debug|Any CPU.ActiveCfg = Debug|Any CPU
		{04F6BAD2-2A75-4B4A-9744-9ECFC1F2B8C9}.Debug|Any CPU.Build.0 = Debug|Any CPU
		{04F6BAD2-2A75-4B4A-9744-9ECFC1F2B8C9}.Release|Any CPU.ActiveCfg = Release|Any CPU
		{04F6BAD2-2A75-4B4A-9744-9ECFC1F2B8C9}.Release|Any CPU.Build.0 = Release|Any CPU
	EndGlobalSection
	GlobalSection(SolutionProperties) = preSolution
		HideSolutionNode = FALSE
	EndGlobalSection
	GlobalSection(ExtensibilityGlobals) = postSolution
		SolutionGuid = {58CAB0D4-F657-43C9-A53C-A9C0F9EEF530}
	EndGlobalSection
EndGlobal
